
Microsoft Visual Studio Solution File, Format Version 12.00
# Visual Studio Version 16
VisualStudioVersion = 16.0.28902.138
MinimumVisualStudioVersion = 10.0.40219.1
Project("{FAE04EC0-301F-11D3-BF4B-00C04F79EFBC}") = "Melidya_Reloaded.CustomerSide", "Melidya_Reloaded\Melidya_Reloaded.CustomerSide.csproj", "{414CA5E6-6D93-4DED-9F06-CF7A914BFDC2}"
EndProject
Project("{FAE04EC0-301F-11D3-BF4B-00C04F79EFBC}") = "Melidya_Reloaded.DAL", "Melidya_Reloaded.DAL\Melidya_Reloaded.DAL.csproj", "{2B6940FD-C18C-4D2C-B895-5D8B4B77A1AD}"
EndProject
Project("{FAE04EC0-301F-11D3-BF4B-00C04F79EFBC}") = "Melidya_Reloaded.BLL", "Melidya_Reloaded.BLL\Melidya_Reloaded.BLL.csproj", "{38E7EB36-1FA5-4A9A-93A9-80A639D2853F}"
EndProject
Global
	GlobalSection(SolutionConfigurationPlatforms) = preSolution
		Debug|Any CPU = Debug|Any CPU
		Release|Any CPU = Release|Any CPU
	EndGlobalSection
	GlobalSection(ProjectConfigurationPlatforms) = postSolution
		{414CA5E6-6D93-4DED-9F06-CF7A914BFDC2}.Debug|Any CPU.ActiveCfg = Debug|Any CPU
		{414CA5E6-6D93-4DED-9F06-CF7A914BFDC2}.Debug|Any CPU.Build.0 = Debug|Any CPU
		{414CA5E6-6D93-4DED-9F06-CF7A914BFDC2}.Release|Any CPU.ActiveCfg = Release|Any CPU
		{414CA5E6-6D93-4DED-9F06-CF7A914BFDC2}.Release|Any CPU.Build.0 = Release|Any CPU
		{2B6940FD-C18C-4D2C-B895-5D8B4B77A1AD}.Debug|Any CPU.ActiveCfg = Debug|Any CPU
		{2B6940FD-C18C-4D2C-B895-5D8B4B77A1AD}.Debug|Any CPU.Build.0 = Debug|Any CPU
		{2B6940FD-C18C-4D2C-B895-5D8B4B77A1AD}.Release|Any CPU.ActiveCfg = Release|Any CPU
		{2B6940FD-C18C-4D2C-B895-5D8B4B77A1AD}.Release|Any CPU.Build.0 = Release|Any CPU
		{38E7EB36-1FA5-4A9A-93A9-80A639D2853F}.Debug|Any CPU.ActiveCfg = Debug|Any CPU
		{38E7EB36-1FA5-4A9A-93A9-80A639D2853F}.Debug|Any CPU.Build.0 = Debug|Any CPU
		{38E7EB36-1FA5-4A9A-93A9-80A639D2853F}.Release|Any CPU.ActiveCfg = Release|Any CPU
		{38E7EB36-1FA5-4A9A-93A9-80A639D2853F}.Release|Any CPU.Build.0 = Release|Any CPU
	EndGlobalSection
	GlobalSection(SolutionProperties) = preSolution
		HideSolutionNode = FALSE
	EndGlobalSection
	GlobalSection(ExtensibilityGlobals) = postSolution
		SolutionGuid = {4B64EFAB-027D-4DEB-8E91-E69ABD5DB0C3}
	EndGlobalSection
EndGlobal
