
Microsoft Visual Studio Solution File, Format Version 12.00
# Visual Studio 15
VisualStudioVersion = 15.0.28307.168
MinimumVisualStudioVersion = 10.0.40219.1
Project("{FAE04EC0-301F-11D3-BF4B-00C04F79EFBC}") = "Melidya.WebUI", "Melidya.WebUI\Melidya.WebUI.csproj", "{4FB464DA-EEC4-4DDE-8439-3345AB95A529}"
EndProject
Project("{2150E333-8FDC-42A3-9474-1A3956D46DE8}") = "Solution Items", "Solution Items", "{6E5FB98E-5FD6-4E9A-A4E8-3D54A41BAD22}"
	ProjectSection(SolutionItems) = preProject
		Readme.txt = Readme.txt
	EndProjectSection
EndProject
Project("{FAE04EC0-301F-11D3-BF4B-00C04F79EFBC}") = "Melidya.BLL", "Melidya.BLL\Melidya.BLL.csproj", "{CD9E3B29-F0F8-4DFA-8C92-E50C11D418E9}"
EndProject
Project("{FAE04EC0-301F-11D3-BF4B-00C04F79EFBC}") = "Melidya.DAL", "Melidya.DAL\Melidya.DAL.csproj", "{249FFE12-5D60-4F56-864C-17D88D1750E7}"
EndProject
Project("{FAE04EC0-301F-11D3-BF4B-00C04F79EFBC}") = "Melidya.Entities", "Melidya.Entities\Melidya.Entities.csproj", "{0656D00D-E0F5-4776-8CE6-861F45948AD4}"
EndProject
Project("{FAE04EC0-301F-11D3-BF4B-00C04F79EFBC}") = "Melidya.WebUI.Admin", "Melidya.WebUI.Admin\Melidya.WebUI.Admin.csproj", "{9DEA2884-E01D-4B56-9A5A-9A4C95E64B51}"
EndProject
Global
	GlobalSection(SolutionConfigurationPlatforms) = preSolution
		Debug|Any CPU = Debug|Any CPU
		Release|Any CPU = Release|Any CPU
	EndGlobalSection
	GlobalSection(ProjectConfigurationPlatforms) = postSolution
		{4FB464DA-EEC4-4DDE-8439-3345AB95A529}.Debug|Any CPU.ActiveCfg = Debug|Any CPU
		{4FB464DA-EEC4-4DDE-8439-3345AB95A529}.Debug|Any CPU.Build.0 = Debug|Any CPU
		{4FB464DA-EEC4-4DDE-8439-3345AB95A529}.Release|Any CPU.ActiveCfg = Release|Any CPU
		{4FB464DA-EEC4-4DDE-8439-3345AB95A529}.Release|Any CPU.Build.0 = Release|Any CPU
		{CD9E3B29-F0F8-4DFA-8C92-E50C11D418E9}.Debug|Any CPU.ActiveCfg = Debug|Any CPU
		{CD9E3B29-F0F8-4DFA-8C92-E50C11D418E9}.Debug|Any CPU.Build.0 = Debug|Any CPU
		{CD9E3B29-F0F8-4DFA-8C92-E50C11D418E9}.Release|Any CPU.ActiveCfg = Release|Any CPU
		{CD9E3B29-F0F8-4DFA-8C92-E50C11D418E9}.Release|Any CPU.Build.0 = Release|Any CPU
		{249FFE12-5D60-4F56-864C-17D88D1750E7}.Debug|Any CPU.ActiveCfg = Debug|Any CPU
		{249FFE12-5D60-4F56-864C-17D88D1750E7}.Debug|Any CPU.Build.0 = Debug|Any CPU
		{249FFE12-5D60-4F56-864C-17D88D1750E7}.Release|Any CPU.ActiveCfg = Release|Any CPU
		{249FFE12-5D60-4F56-864C-17D88D1750E7}.Release|Any CPU.Build.0 = Release|Any CPU
		{0656D00D-E0F5-4776-8CE6-861F45948AD4}.Debug|Any CPU.ActiveCfg = Debug|Any CPU
		{0656D00D-E0F5-4776-8CE6-861F45948AD4}.Debug|Any CPU.Build.0 = Debug|Any CPU
		{0656D00D-E0F5-4776-8CE6-861F45948AD4}.Release|Any CPU.ActiveCfg = Release|Any CPU
		{0656D00D-E0F5-4776-8CE6-861F45948AD4}.Release|Any CPU.Build.0 = Release|Any CPU
		{9DEA2884-E01D-4B56-9A5A-9A4C95E64B51}.Debug|Any CPU.ActiveCfg = Debug|Any CPU
		{9DEA2884-E01D-4B56-9A5A-9A4C95E64B51}.Debug|Any CPU.Build.0 = Debug|Any CPU
		{9DEA2884-E01D-4B56-9A5A-9A4C95E64B51}.Release|Any CPU.ActiveCfg = Release|Any CPU
		{9DEA2884-E01D-4B56-9A5A-9A4C95E64B51}.Release|Any CPU.Build.0 = Release|Any CPU
	EndGlobalSection
	GlobalSection(SolutionProperties) = preSolution
		HideSolutionNode = FALSE
	EndGlobalSection
	GlobalSection(ExtensibilityGlobals) = postSolution
		SolutionGuid = {4186C5A6-FFD3-4193-94E1-9226B3893FFF}
	EndGlobalSection
EndGlobal
