
Microsoft Visual Studio Solution File, Format Version 12.00
# Visual Studio 15
VisualStudioVersion = 15.0.28307.168
MinimumVisualStudioVersion = 10.0.40219.1
Project("{FAE04EC0-301F-11D3-BF4B-00C04F79EFBC}") = "Melidya.WebUI", "Melidya.WebUI\Melidya.WebUI.csproj", "{4FB464DA-EEC4-4DDE-8439-3345AB95A529}"
EndProject
Project("{2150E333-8FDC-42A3-9474-1A3956D46DE8}") = "Solution Items", "Solution Items", "{6E5FB98E-5FD6-4E9A-A4E8-3D54A41BAD22}"
	ProjectSection(SolutionItems) = preProject
		Readme.txt = Readme.txt
	EndProjectSection
EndProject
Project("{FAE04EC0-301F-11D3-BF4B-00C04F79EFBC}") = "Melidya.DAL", "Melidya.DAL\Melidya.DAL.csproj", "{61B0C6C2-0577-4D2C-93E6-FFA08C0E2990}"
EndProject
Project("{FAE04EC0-301F-11D3-BF4B-00C04F79EFBC}") = "Melidya.BLL", "Melidya.BLL\Melidya.BLL.csproj", "{A654AB72-D283-4196-9F8B-2CC86F403841}"
EndProject
Project("{FAE04EC0-301F-11D3-BF4B-00C04F79EFBC}") = "Melidya.ENTITY", "Melidya.ENTITY\Melidya.ENTITY.csproj", "{241205AB-4B8C-4361-932E-CBC74115F100}"
EndProject
Project("{FAE04EC0-301F-11D3-BF4B-00C04F79EFBC}") = "Melidya.WebApi", "Melidya.WebApi\Melidya.WebApi.csproj", "{723CAA60-ECE1-47B7-96CF-310D78085511}"
EndProject
Global
	GlobalSection(SolutionConfigurationPlatforms) = preSolution
		Debug|Any CPU = Debug|Any CPU
		Release|Any CPU = Release|Any CPU
	EndGlobalSection
	GlobalSection(ProjectConfigurationPlatforms) = postSolution
		{4FB464DA-EEC4-4DDE-8439-3345AB95A529}.Debug|Any CPU.ActiveCfg = Debug|Any CPU
		{4FB464DA-EEC4-4DDE-8439-3345AB95A529}.Debug|Any CPU.Build.0 = Debug|Any CPU
		{4FB464DA-EEC4-4DDE-8439-3345AB95A529}.Release|Any CPU.ActiveCfg = Release|Any CPU
		{4FB464DA-EEC4-4DDE-8439-3345AB95A529}.Release|Any CPU.Build.0 = Release|Any CPU
		{61B0C6C2-0577-4D2C-93E6-FFA08C0E2990}.Debug|Any CPU.ActiveCfg = Debug|Any CPU
		{61B0C6C2-0577-4D2C-93E6-FFA08C0E2990}.Debug|Any CPU.Build.0 = Debug|Any CPU
		{61B0C6C2-0577-4D2C-93E6-FFA08C0E2990}.Release|Any CPU.ActiveCfg = Release|Any CPU
		{61B0C6C2-0577-4D2C-93E6-FFA08C0E2990}.Release|Any CPU.Build.0 = Release|Any CPU
		{A654AB72-D283-4196-9F8B-2CC86F403841}.Debug|Any CPU.ActiveCfg = Debug|Any CPU
		{A654AB72-D283-4196-9F8B-2CC86F403841}.Debug|Any CPU.Build.0 = Debug|Any CPU
		{A654AB72-D283-4196-9F8B-2CC86F403841}.Release|Any CPU.ActiveCfg = Release|Any CPU
		{A654AB72-D283-4196-9F8B-2CC86F403841}.Release|Any CPU.Build.0 = Release|Any CPU
		{241205AB-4B8C-4361-932E-CBC74115F100}.Debug|Any CPU.ActiveCfg = Debug|Any CPU
		{241205AB-4B8C-4361-932E-CBC74115F100}.Debug|Any CPU.Build.0 = Debug|Any CPU
		{241205AB-4B8C-4361-932E-CBC74115F100}.Release|Any CPU.ActiveCfg = Release|Any CPU
		{241205AB-4B8C-4361-932E-CBC74115F100}.Release|Any CPU.Build.0 = Release|Any CPU
		{723CAA60-ECE1-47B7-96CF-310D78085511}.Debug|Any CPU.ActiveCfg = Debug|Any CPU
		{723CAA60-ECE1-47B7-96CF-310D78085511}.Debug|Any CPU.Build.0 = Debug|Any CPU
		{723CAA60-ECE1-47B7-96CF-310D78085511}.Release|Any CPU.ActiveCfg = Release|Any CPU
		{723CAA60-ECE1-47B7-96CF-310D78085511}.Release|Any CPU.Build.0 = Release|Any CPU
	EndGlobalSection
	GlobalSection(SolutionProperties) = preSolution
		HideSolutionNode = FALSE
	EndGlobalSection
	GlobalSection(ExtensibilityGlobals) = postSolution
		SolutionGuid = {4186C5A6-FFD3-4193-94E1-9226B3893FFF}
	EndGlobalSection
EndGlobal
